
Microsoft Visual Studio Solution File, Format Version 12.00
# Visual Studio Version 16
VisualStudioVersion = 16.0.30320.27
MinimumVisualStudioVersion = 10.0.40219.1
Project("{FAE04EC0-301F-11D3-BF4B-00C04F79EFBC}") = "CiphixWeb", "CiphixWeb\CiphixWeb.csproj", "{12D9A319-FBA0-4DD7-9E61-0A88D5194305}"
EndProject
Global
	GlobalSection(SolutionConfigurationPlatforms) = preSolution
		Debug|Any CPU = Debug|Any CPU
		Release|Any CPU = Release|Any CPU
	EndGlobalSection
	GlobalSection(ProjectConfigurationPlatforms) = postSolution
		{12D9A319-FBA0-4DD7-9E61-0A88D5194305}.Debug|Any CPU.ActiveCfg = Debug|Any CPU
		{12D9A319-FBA0-4DD7-9E61-0A88D5194305}.Debug|Any CPU.Build.0 = Debug|Any CPU
		{12D9A319-FBA0-4DD7-9E61-0A88D5194305}.Release|Any CPU.ActiveCfg = Release|Any CPU
		{12D9A319-FBA0-4DD7-9E61-0A88D5194305}.Release|Any CPU.Build.0 = Release|Any CPU
	EndGlobalSection
	GlobalSection(SolutionProperties) = preSolution
		HideSolutionNode = FALSE
	EndGlobalSection
	GlobalSection(ExtensibilityGlobals) = postSolution
		SolutionGuid = {780A1D6D-722D-4D77-8FA9-5196191AD94E}
	EndGlobalSection
EndGlobal
